schema: '2.0'
stages:
  DatasetPreparation:
    cmd: "python3 -c \"from src.DatasetPreparation import DatasetPreparation; DatasetPreparation.load(name='DatasetPreparation').run_and_save()\"\
      \ "
    deps:
    - path: src/DatasetPreparation.py
      md5: e37af00c6a89674a74286f7e2c5d14eb
      size: 3518
    params:
      params.yaml:
        DatasetPreparation:
          seed: 100
          split: 0.75
    outs:
    - path: nodes/DatasetPreparation/outs.json
      md5: ae4fea8d5debfc67653b984b0fc4a6c7
      size: 189144
  GradientBoosting:
    cmd: "python3 -c \"from src.GradientBoosting import GradientBoosting; GradientBoosting.load(name='GradientBoosting').run_and_save()\"\
      \ "
    deps:
    - path: nodes/DatasetPreparation/outs.json
      md5: ae4fea8d5debfc67653b984b0fc4a6c7
      size: 189144
    - path: src/GradientBoosting.py
      md5: e37af00c6a89674a74286f7e2c5d14eb
      size: 3518
    params:
      params.yaml:
        GradientBoosting:
          learning_rate: 0.1
          max_depth: 5
          n_estimators: 100
    outs:
    - path: nodes/GradientBoosting/outs.json
      md5: 58784267caf9a173492531a6b1346436
      size: 419448
  ModelEvaluation:
    cmd: "python3 -c \"from src.ModelEvaluation import ModelEvaluation; ModelEvaluation.load(name='ModelEvaluation').run_and_save()\"\
      \ "
    deps:
    - path: nodes/DatasetPreparation/outs.json
      md5: ae4fea8d5debfc67653b984b0fc4a6c7
      size: 189144
    - path: nodes/GradientBoosting/outs.json
      md5: 58784267caf9a173492531a6b1346436
      size: 419448
    - path: src/ModelEvaluation.py
      md5: e37af00c6a89674a74286f7e2c5d14eb
      size: 3518
    outs:
    - path: nodes/ModelEvaluation/metrics_no_cache.json
      md5: b44ce96d36d38767febe615900dbcb20
      size: 66
